// !$*UTF8*$!
{
	archiveVersion = 1;
	classes = {
	};
	objectVersion = 55;
	objects = {

/* Begin PBXBuildFile section */
		7AB17D79E20C79887CC9774D /* Pods_Food_Ordering.framework in Frameworks */ = {isa = PBXBuildFile; fileRef = 8DC715D5500580776DC72BB4 /* Pods_Food_Ordering.framework */; };
		96C03B7028AF877C005FA1C7 /* CardView.swift in Sources */ = {isa = PBXBuildFile; fileRef = 96C03B6F28AF877C005FA1C7 /* CardView.swift */; };
		96EEC27228AE96EC00378B97 /* AppDelegate.swift in Sources */ = {isa = PBXBuildFile; fileRef = 96EEC27128AE96EC00378B97 /* AppDelegate.swift */; };
		96EEC27428AE96EC00378B97 /* SceneDelegate.swift in Sources */ = {isa = PBXBuildFile; fileRef = 96EEC27328AE96EC00378B97 /* SceneDelegate.swift */; };
		96EEC27928AE96EC00378B97 /* Main.storyboard in Resources */ = {isa = PBXBuildFile; fileRef = 96EEC27728AE96EC00378B97 /* Main.storyboard */; };
		96EEC27B28AE96EC00378B97 /* Assets.xcassets in Resources */ = {isa = PBXBuildFile; fileRef = 96EEC27A28AE96EC00378B97 /* Assets.xcassets */; };
		96EEC27E28AE96EC00378B97 /* LaunchScreen.storyboard in Resources */ = {isa = PBXBuildFile; fileRef = 96EEC27C28AE96EC00378B97 /* LaunchScreen.storyboard */; };
		96EEC28628AE9A0000378B97 /* .gitignore in Resources */ = {isa = PBXBuildFile; fileRef = 96EEC28528AE9A0000378B97 /* .gitignore */; };
		96EEC28828AE9A5700378B97 /* README.md in Resources */ = {isa = PBXBuildFile; fileRef = 96EEC28728AE9A5700378B97 /* README.md */; };
		96EEC28C28AE9AB000378B97 /* NetworkService.swift in Sources */ = {isa = PBXBuildFile; fileRef = 96EEC28B28AE9AB000378B97 /* NetworkService.swift */; };
		96EEC28E28AE9B0100378B97 /* Route.swift in Sources */ = {isa = PBXBuildFile; fileRef = 96EEC28D28AE9B0100378B97 /* Route.swift */; };
		96EEC29028AE9B0C00378B97 /* Method.swift in Sources */ = {isa = PBXBuildFile; fileRef = 96EEC28F28AE9B0C00378B97 /* Method.swift */; };
		96EEC29228AEA5EB00378B97 /* AppError.swift in Sources */ = {isa = PBXBuildFile; fileRef = 96EEC29128AEA5EB00378B97 /* AppError.swift */; };
		96EEC29428AF118900378B97 /* ApiResponse.swift in Sources */ = {isa = PBXBuildFile; fileRef = 96EEC29328AF118900378B97 /* ApiResponse.swift */; };
		96EEC29628AF1C1700378B97 /* ApiResult.swift in Sources */ = {isa = PBXBuildFile; fileRef = 96EEC29528AF1C1700378B97 /* ApiResult.swift */; };
		96EEC29C28AF230E00378B97 /* Onboarding_VC.swift in Sources */ = {isa = PBXBuildFile; fileRef = 96EEC29B28AF230E00378B97 /* Onboarding_VC.swift */; };
		96EEC29F28AF29EB00378B97 /* UIView_Extensions.swift in Sources */ = {isa = PBXBuildFile; fileRef = 96EEC29E28AF29EB00378B97 /* UIView_Extensions.swift */; };
		96EEC2A128AF2B2C00378B97 /* OnboardingSlide.swift in Sources */ = {isa = PBXBuildFile; fileRef = 96EEC2A028AF2B2C00378B97 /* OnboardingSlide.swift */; };
		96EEC2A328AF2DB800378B97 /* Onboarding_CollectionViewCell.swift in Sources */ = {isa = PBXBuildFile; fileRef = 96EEC2A228AF2DB800378B97 /* Onboarding_CollectionViewCell.swift */; };
		96EEC2A628AF65D800378B97 /* Home_VC.swift in Sources */ = {isa = PBXBuildFile; fileRef = 96EEC2A528AF65D800378B97 /* Home_VC.swift */; };
		96EEC2AB28AF6FE300378B97 /* CategoryCollectionViewCell.swift in Sources */ = {isa = PBXBuildFile; fileRef = 96EEC2A928AF6FE300378B97 /* CategoryCollectionViewCell.swift */; };
		96EEC2AC28AF6FE300378B97 /* CategoryCollectionViewCell.xib in Resources */ = {isa = PBXBuildFile; fileRef = 96EEC2AA28AF6FE300378B97 /* CategoryCollectionViewCell.xib */; };
		96EEC2AE28AF72CC00378B97 /* DishCategory.swift in Sources */ = {isa = PBXBuildFile; fileRef = 96EEC2AD28AF72CC00378B97 /* DishCategory.swift */; };
		96FB614428AF74D600F50979 /* String_Extensions.swift in Sources */ = {isa = PBXBuildFile; fileRef = 96FB614328AF74D600F50979 /* String_Extensions.swift */; };
/* End PBXBuildFile section */

/* Begin PBXFileReference section */
		3737A0A189F75DEBFC9026D7 /* Pods-Food_Ordering.release.xcconfig */ = {isa = PBXFileReference; includeInIndex = 1; lastKnownFileType = text.xcconfig; name = "Pods-Food_Ordering.release.xcconfig"; path = "Target Support Files/Pods-Food_Ordering/Pods-Food_Ordering.release.xcconfig"; sourceTree = "<group>"; };
		5016C345B265C88B3FF71D45 /* Pods-Food_Ordering.debug.xcconfig */ = {isa = PBXFileReference; includeInIndex = 1; lastKnownFileType = text.xcconfig; name = "Pods-Food_Ordering.debug.xcconfig"; path = "Target Support Files/Pods-Food_Ordering/Pods-Food_Ordering.debug.xcconfig"; sourceTree = "<group>"; };
		8DC715D5500580776DC72BB4 /* Pods_Food_Ordering.framework */ = {isa = PBXFileReference; explicitFileType = wrapper.framework; includeInIndex = 0; path = Pods_Food_Ordering.framework; sourceTree = BUILT_PRODUCTS_DIR; };
		96C03B6F28AF877C005FA1C7 /* CardView.swift */ = {isa = PBXFileReference; lastKnownFileType = sourcecode.swift; path = CardView.swift; sourceTree = "<group>"; };
		96EEC26E28AE96EC00378B97 /* Food_Ordering.app */ = {isa = PBXFileReference; explicitFileType = wrapper.application; includeInIndex = 0; path = Food_Ordering.app; sourceTree = BUILT_PRODUCTS_DIR; };
		96EEC27128AE96EC00378B97 /* AppDelegate.swift */ = {isa = PBXFileReference; lastKnownFileType = sourcecode.swift; path = AppDelegate.swift; sourceTree = "<group>"; };
		96EEC27328AE96EC00378B97 /* SceneDelegate.swift */ = {isa = PBXFileReference; lastKnownFileType = sourcecode.swift; path = SceneDelegate.swift; sourceTree = "<group>"; };
		96EEC27828AE96EC00378B97 /* Base */ = {isa = PBXFileReference; lastKnownFileType = file.storyboard; name = Base; path = Base.lproj/Main.storyboard; sourceTree = "<group>"; };
		96EEC27A28AE96EC00378B97 /* Assets.xcassets */ = {isa = PBXFileReference; lastKnownFileType = folder.assetcatalog; path = Assets.xcassets; sourceTree = "<group>"; };
		96EEC27D28AE96EC00378B97 /* Base */ = {isa = PBXFileReference; lastKnownFileType = file.storyboard; name = Base; path = Base.lproj/LaunchScreen.storyboard; sourceTree = "<group>"; };
		96EEC27F28AE96EC00378B97 /* Info.plist */ = {isa = PBXFileReference; lastKnownFileType = text.plist.xml; path = Info.plist; sourceTree = "<group>"; };
		96EEC28528AE9A0000378B97 /* .gitignore */ = {isa = PBXFileReference; lastKnownFileType = text; path = .gitignore; sourceTree = "<group>"; };
		96EEC28728AE9A5700378B97 /* README.md */ = {isa = PBXFileReference; fileEncoding = 4; lastKnownFileType = net.daringfireball.markdown; path = README.md; sourceTree = "<group>"; };
		96EEC28B28AE9AB000378B97 /* NetworkService.swift */ = {isa = PBXFileReference; lastKnownFileType = sourcecode.swift; path = NetworkService.swift; sourceTree = "<group>"; };
		96EEC28D28AE9B0100378B97 /* Route.swift */ = {isa = PBXFileReference; lastKnownFileType = sourcecode.swift; path = Route.swift; sourceTree = "<group>"; };
		96EEC28F28AE9B0C00378B97 /* Method.swift */ = {isa = PBXFileReference; lastKnownFileType = sourcecode.swift; path = Method.swift; sourceTree = "<group>"; };
		96EEC29128AEA5EB00378B97 /* AppError.swift */ = {isa = PBXFileReference; lastKnownFileType = sourcecode.swift; path = AppError.swift; sourceTree = "<group>"; };
		96EEC29328AF118900378B97 /* ApiResponse.swift */ = {isa = PBXFileReference; lastKnownFileType = sourcecode.swift; path = ApiResponse.swift; sourceTree = "<group>"; };
		96EEC29528AF1C1700378B97 /* ApiResult.swift */ = {isa = PBXFileReference; lastKnownFileType = sourcecode.swift; path = ApiResult.swift; sourceTree = "<group>"; };
		96EEC29B28AF230E00378B97 /* Onboarding_VC.swift */ = {isa = PBXFileReference; lastKnownFileType = sourcecode.swift; path = Onboarding_VC.swift; sourceTree = "<group>"; };
		96EEC29E28AF29EB00378B97 /* UIView_Extensions.swift */ = {isa = PBXFileReference; lastKnownFileType = sourcecode.swift; path = UIView_Extensions.swift; sourceTree = "<group>"; };
		96EEC2A028AF2B2C00378B97 /* OnboardingSlide.swift */ = {isa = PBXFileReference; lastKnownFileType = sourcecode.swift; path = OnboardingSlide.swift; sourceTree = "<group>"; };
		96EEC2A228AF2DB800378B97 /* Onboarding_CollectionViewCell.swift */ = {isa = PBXFileReference; lastKnownFileType = sourcecode.swift; path = Onboarding_CollectionViewCell.swift; sourceTree = "<group>"; };
		96EEC2A528AF65D800378B97 /* Home_VC.swift */ = {isa = PBXFileReference; lastKnownFileType = sourcecode.swift; path = Home_VC.swift; sourceTree = "<group>"; };
		96EEC2A928AF6FE300378B97 /* CategoryCollectionViewCell.swift */ = {isa = PBXFileReference; lastKnownFileType = sourcecode.swift; path = CategoryCollectionViewCell.swift; sourceTree = "<group>"; };
		96EEC2AA28AF6FE300378B97 /* CategoryCollectionViewCell.xib */ = {isa = PBXFileReference; lastKnownFileType = file.xib; path = CategoryCollectionViewCell.xib; sourceTree = "<group>"; };
		96EEC2AD28AF72CC00378B97 /* DishCategory.swift */ = {isa = PBXFileReference; lastKnownFileType = sourcecode.swift; path = DishCategory.swift; sourceTree = "<group>"; };
		96FB614328AF74D600F50979 /* String_Extensions.swift */ = {isa = PBXFileReference; lastKnownFileType = sourcecode.swift; path = String_Extensions.swift; sourceTree = "<group>"; };
/* End PBXFileReference section */

/* Begin PBXFrameworksBuildPhase section */
		96EEC26B28AE96EC00378B97 /* Frameworks */ = {
			isa = PBXFrameworksBuildPhase;
			buildActionMask = 2147483647;
			files = (
				7AB17D79E20C79887CC9774D /* Pods_Food_Ordering.framework in Frameworks */,
			);
			runOnlyForDeploymentPostprocessing = 0;
		};
/* End PBXFrameworksBuildPhase section */

/* Begin PBXGroup section */
		96C03B6E28AF8768005FA1C7 /* CardView */ = {
			isa = PBXGroup;
			children = (
				96C03B6F28AF877C005FA1C7 /* CardView.swift */,
			);
			path = CardView;
			sourceTree = "<group>";
		};
		96EEC26528AE96EC00378B97 = {
			isa = PBXGroup;
			children = (
				96EEC28928AE9A6000378B97 /* Solutions */,
				96EEC27028AE96EC00378B97 /* Food_Ordering */,
				96EEC26F28AE96EC00378B97 /* Products */,
				DCCEFAC5FCDA440824077A04 /* Pods */,
				9E205EAEC3366908AFF00EE1 /* Frameworks */,
			);
			sourceTree = "<group>";
		};
		96EEC26F28AE96EC00378B97 /* Products */ = {
			isa = PBXGroup;
			children = (
				96EEC26E28AE96EC00378B97 /* Food_Ordering.app */,
			);
			name = Products;
			sourceTree = "<group>";
		};
		96EEC27028AE96EC00378B97 /* Food_Ordering */ = {
			isa = PBXGroup;
			children = (
				96EEC29D28AF29D000378B97 /* Extensions */,
				96EEC29928AF229E00378B97 /* CustomViews */,
				96EEC29828AF229700378B97 /* Views */,
				96EEC29728AF227500378B97 /* Models */,
				96EEC28A28AE9A9400378B97 /* Networking */,
				96EEC27128AE96EC00378B97 /* AppDelegate.swift */,
				96EEC27328AE96EC00378B97 /* SceneDelegate.swift */,
				96EEC27728AE96EC00378B97 /* Main.storyboard */,
				96EEC27A28AE96EC00378B97 /* Assets.xcassets */,
				96EEC27C28AE96EC00378B97 /* LaunchScreen.storyboard */,
				96EEC27F28AE96EC00378B97 /* Info.plist */,
				96EEC29528AF1C1700378B97 /* ApiResult.swift */,
			);
			path = Food_Ordering;
			sourceTree = "<group>";
		};
		96EEC28928AE9A6000378B97 /* Solutions */ = {
			isa = PBXGroup;
			children = (
				96EEC28728AE9A5700378B97 /* README.md */,
				96EEC28528AE9A0000378B97 /* .gitignore */,
			);
			name = Solutions;
			sourceTree = "<group>";
		};
		96EEC28A28AE9A9400378B97 /* Networking */ = {
			isa = PBXGroup;
			children = (
				96EEC28B28AE9AB000378B97 /* NetworkService.swift */,
				96EEC28D28AE9B0100378B97 /* Route.swift */,
				96EEC28F28AE9B0C00378B97 /* Method.swift */,
				96EEC29128AEA5EB00378B97 /* AppError.swift */,
				96EEC29328AF118900378B97 /* ApiResponse.swift */,
			);
			path = Networking;
			sourceTree = "<group>";
		};
		96EEC29728AF227500378B97 /* Models */ = {
			isa = PBXGroup;
			children = (
				96EEC2A028AF2B2C00378B97 /* OnboardingSlide.swift */,
				96EEC2AD28AF72CC00378B97 /* DishCategory.swift */,
			);
			path = Models;
			sourceTree = "<group>";
		};
		96EEC29828AF229700378B97 /* Views */ = {
			isa = PBXGroup;
			children = (
				96EEC2A428AF65AB00378B97 /* Home */,
				96EEC29A28AF22B200378B97 /* Onboarding */,
			);
			path = Views;
			sourceTree = "<group>";
		};
		96EEC29928AF229E00378B97 /* CustomViews */ = {
			isa = PBXGroup;
			children = (
				96C03B6E28AF8768005FA1C7 /* CardView */,
				96EEC2A728AF6F6B00378B97 /* CollectionViewCells */,
			);
			path = CustomViews;
			sourceTree = "<group>";
		};
		96EEC29A28AF22B200378B97 /* Onboarding */ = {
			isa = PBXGroup;
			children = (
				96EEC29B28AF230E00378B97 /* Onboarding_VC.swift */,
				96EEC2A228AF2DB800378B97 /* Onboarding_CollectionViewCell.swift */,
			);
			path = Onboarding;
			sourceTree = "<group>";
		};
		96EEC29D28AF29D000378B97 /* Extensions */ = {
			isa = PBXGroup;
			children = (
				96EEC29E28AF29EB00378B97 /* UIView_Extensions.swift */,
				96FB614328AF74D600F50979 /* String_Extensions.swift */,
			);
			path = Extensions;
			sourceTree = "<group>";
		};
		96EEC2A428AF65AB00378B97 /* Home */ = {
			isa = PBXGroup;
			children = (
				96EEC2A528AF65D800378B97 /* Home_VC.swift */,
			);
			path = Home;
			sourceTree = "<group>";
		};
		96EEC2A728AF6F6B00378B97 /* CollectionViewCells */ = {
			isa = PBXGroup;
			children = (
				96EEC2A828AF6F8600378B97 /* CategoryCollectionViewCell */,
			);
			path = CollectionViewCells;
			sourceTree = "<group>";
		};
		96EEC2A828AF6F8600378B97 /* CategoryCollectionViewCell */ = {
			isa = PBXGroup;
			children = (
				96EEC2A928AF6FE300378B97 /* CategoryCollectionViewCell.swift */,
				96EEC2AA28AF6FE300378B97 /* CategoryCollectionViewCell.xib */,
			);
			path = CategoryCollectionViewCell;
			sourceTree = "<group>";
		};
		9E205EAEC3366908AFF00EE1 /* Frameworks */ = {
			isa = PBXGroup;
			children = (
				8DC715D5500580776DC72BB4 /* Pods_Food_Ordering.framework */,
			);
			name = Frameworks;
			sourceTree = "<group>";
		};
		DCCEFAC5FCDA440824077A04 /* Pods */ = {
			isa = PBXGroup;
			children = (
				5016C345B265C88B3FF71D45 /* Pods-Food_Ordering.debug.xcconfig */,
				3737A0A189F75DEBFC9026D7 /* Pods-Food_Ordering.release.xcconfig */,
			);
			path = Pods;
			sourceTree = "<group>";
		};
/* End PBXGroup section */

/* Begin PBXNativeTarget section */
		96EEC26D28AE96EC00378B97 /* Food_Ordering */ = {
			isa = PBXNativeTarget;
			buildConfigurationList = 96EEC28228AE96EC00378B97 /* Build configuration list for PBXNativeTarget "Food_Ordering" */;
			buildPhases = (
				F6113E4A13CC1F2F04B14CCB /* [CP] Check Pods Manifest.lock */,
				96EEC26A28AE96EC00378B97 /* Sources */,
				96EEC26B28AE96EC00378B97 /* Frameworks */,
				96EEC26C28AE96EC00378B97 /* Resources */,
				62C17FF895FEF27D918CCED2 /* [CP] Embed Pods Frameworks */,
			);
			buildRules = (
			);
			dependencies = (
			);
			name = Food_Ordering;
			productName = Food_Ordering;
			productReference = 96EEC26E28AE96EC00378B97 /* Food_Ordering.app */;
			productType = "com.apple.product-type.application";
		};
/* End PBXNativeTarget section */

/* Begin PBXProject section */
		96EEC26628AE96EC00378B97 /* Project object */ = {
			isa = PBXProject;
			attributes = {
				BuildIndependentTargetsInParallel = 1;
				LastSwiftUpdateCheck = 1340;
				LastUpgradeCheck = 1340;
				TargetAttributes = {
					96EEC26D28AE96EC00378B97 = {
						CreatedOnToolsVersion = 13.4.1;
					};
				};
			};
			buildConfigurationList = 96EEC26928AE96EC00378B97 /* Build configuration list for PBXProject "Food_Ordering" */;
			compatibilityVersion = "Xcode 13.0";
			developmentRegion = en;
			hasScannedForEncodings = 0;
			knownRegions = (
				en,
				Base,
			);
			mainGroup = 96EEC26528AE96EC00378B97;
			productRefGroup = 96EEC26F28AE96EC00378B97 /* Products */;
			projectDirPath = "";
			projectRoot = "";
			targets = (
				96EEC26D28AE96EC00378B97 /* Food_Ordering */,
			);
		};
/* End PBXProject section */

/* Begin PBXResourcesBuildPhase section */
		96EEC26C28AE96EC00378B97 /* Resources */ = {
			isa = PBXResourcesBuildPhase;
			buildActionMask = 2147483647;
			files = (
				96EEC2AC28AF6FE300378B97 /* CategoryCollectionViewCell.xib in Resources */,
				96EEC28628AE9A0000378B97 /* .gitignore in Resources */,
				96EEC27E28AE96EC00378B97 /* LaunchScreen.storyboard in Resources */,
				96EEC28828AE9A5700378B97 /* README.md in Resources */,
				96EEC27B28AE96EC00378B97 /* Assets.xcassets in Resources */,
				96EEC27928AE96EC00378B97 /* Main.storyboard in Resources */,
			);
			runOnlyForDeploymentPostprocessing = 0;
		};
/* End PBXResourcesBuildPhase section */

/* Begin PBXShellScriptBuildPhase section */
		62C17FF895FEF27D918CCED2 /* [CP] Embed Pods Frameworks */ = {
			isa = PBXShellScriptBuildPhase;
			buildActionMask = 2147483647;
			files = (
			);
			inputFileListPaths = (
				"${PODS_ROOT}/Target Support Files/Pods-Food_Ordering/Pods-Food_Ordering-frameworks-${CONFIGURATION}-input-files.xcfilelist",
			);
			name = "[CP] Embed Pods Frameworks";
			outputFileListPaths = (
				"${PODS_ROOT}/Target Support Files/Pods-Food_Ordering/Pods-Food_Ordering-frameworks-${CONFIGURATION}-output-files.xcfilelist",
			);
			runOnlyForDeploymentPostprocessing = 0;
			shellPath = /bin/sh;
			shellScript = "\"${PODS_ROOT}/Target Support Files/Pods-Food_Ordering/Pods-Food_Ordering-frameworks.sh\"\n";
			showEnvVarsInLog = 0;
		};
		F6113E4A13CC1F2F04B14CCB /* [CP] Check Pods Manifest.lock */ = {
			isa = PBXShellScriptBuildPhase;
			buildActionMask = 2147483647;
			files = (
			);
			inputFileListPaths = (
			);
			inputPaths = (
				"${PODS_PODFILE_DIR_PATH}/Podfile.lock",
				"${PODS_ROOT}/Manifest.lock",
			);
			name = "[CP] Check Pods Manifest.lock";
			outputFileListPaths = (
			);
			outputPaths = (
				"$(DERIVED_FILE_DIR)/Pods-Food_Ordering-checkManifestLockResult.txt",
			);
			runOnlyForDeploymentPostprocessing = 0;
			shellPath = /bin/sh;
			shellScript = "diff \"${PODS_PODFILE_DIR_PATH}/Podfile.lock\" \"${PODS_ROOT}/Manifest.lock\" > /dev/null\nif [ $? != 0 ] ; then\n    # print error to STDERR\n    echo \"error: The sandbox is not in sync with the Podfile.lock. Run 'pod install' or update your CocoaPods installation.\" >&2\n    exit 1\nfi\n# This output is used by Xcode 'outputs' to avoid re-running this script phase.\necho \"SUCCESS\" > \"${SCRIPT_OUTPUT_FILE_0}\"\n";
			showEnvVarsInLog = 0;
		};
/* End PBXShellScriptBuildPhase section */

/* Begin PBXSourcesBuildPhase section */
		96EEC26A28AE96EC00378B97 /* Sources */ = {
			isa = PBXSourcesBuildPhase;
			buildActionMask = 2147483647;
			files = (
				96EEC27228AE96EC00378B97 /* AppDelegate.swift in Sources */,
				96EEC2AE28AF72CC00378B97 /* DishCategory.swift in Sources */,
				96EEC29028AE9B0C00378B97 /* Method.swift in Sources */,
				96EEC29F28AF29EB00378B97 /* UIView_Extensions.swift in Sources */,
				96EEC29628AF1C1700378B97 /* ApiResult.swift in Sources */,
				96EEC28C28AE9AB000378B97 /* NetworkService.swift in Sources */,
				96EEC28E28AE9B0100378B97 /* Route.swift in Sources */,
				96EEC29428AF118900378B97 /* ApiResponse.swift in Sources */,
				96FB614428AF74D600F50979 /* String_Extensions.swift in Sources */,
				96EEC27428AE96EC00378B97 /* SceneDelegate.swift in Sources */,
				96EEC29228AEA5EB00378B97 /* AppError.swift in Sources */,
				96EEC29C28AF230E00378B97 /* Onboarding_VC.swift in Sources */,
				96EEC2A128AF2B2C00378B97 /* OnboardingSlide.swift in Sources */,
				96EEC2A328AF2DB800378B97 /* Onboarding_CollectionViewCell.swift in Sources */,
				96EEC2AB28AF6FE300378B97 /* CategoryCollectionViewCell.swift in Sources */,
				96C03B7028AF877C005FA1C7 /* CardView.swift in Sources */,
				96EEC2A628AF65D800378B97 /* Home_VC.swift in Sources */,
			);
			runOnlyForDeploymentPostprocessing = 0;
		};
/* End PBXSourcesBuildPhase section */

/* Begin PBXVariantGroup section */
		96EEC27728AE96EC00378B97 /* Main.storyboard */ = {
			isa = PBXVariantGroup;
			children = (
				96EEC27828AE96EC00378B97 /* Base */,
			);
			name = Main.storyboard;
			sourceTree = "<group>";
		};
		96EEC27C28AE96EC00378B97 /* LaunchScreen.storyboard */ = {
			isa = PBXVariantGroup;
			children = (
				96EEC27D28AE96EC00378B97 /* Base */,
			);
			name = LaunchScreen.storyboard;
			sourceTree = "<group>";
		};
/* End PBXVariantGroup section */

/* Begin XCBuildConfiguration section */
		96EEC28028AE96EC00378B97 /* Debug */ = {
			isa = XCBuildConfiguration;
			buildSettings = {
				ALWAYS_SEARCH_USER_PATHS = NO;
				CLANG_ANALYZER_NONNULL = YES;
				CLANG_ANALYZER_NUMBER_OBJECT_CONVERSION = YES_AGGRESSIVE;
				CLANG_CXX_LANGUAGE_STANDARD = "gnu++17";
				CLANG_ENABLE_MODULES = YES;
				CLANG_ENABLE_OBJC_ARC = YES;
				CLANG_ENABLE_OBJC_WEAK = YES;
				CLANG_WARN_BLOCK_CAPTURE_AUTORELEASING = YES;
				CLANG_WARN_BOOL_CONVERSION = YES;
				CLANG_WARN_COMMA = YES;
				CLANG_WARN_CONSTANT_CONVERSION = YES;
				CLANG_WARN_DEPRECATED_OBJC_IMPLEMENTATIONS = YES;
				CLANG_WARN_DIRECT_OBJC_ISA_USAGE = YES_ERROR;
				CLANG_WARN_DOCUMENTATION_COMMENTS = YES;
				CLANG_WARN_EMPTY_BODY = YES;
				CLANG_WARN_ENUM_CONVERSION = YES;
				CLANG_WARN_INFINITE_RECURSION = YES;
				CLANG_WARN_INT_CONVERSION = YES;
				CLANG_WARN_NON_LITERAL_NULL_CONVERSION = YES;
				CLANG_WARN_OBJC_IMPLICIT_RETAIN_SELF = YES;
				CLANG_WARN_OBJC_LITERAL_CONVERSION = YES;
				CLANG_WARN_OBJC_ROOT_CLASS = YES_ERROR;
				CLANG_WARN_QUOTED_INCLUDE_IN_FRAMEWORK_HEADER = YES;
				CLANG_WARN_RANGE_LOOP_ANALYSIS = YES;
				CLANG_WARN_STRICT_PROTOTYPES = YES;
				CLANG_WARN_SUSPICIOUS_MOVE = YES;
				CLANG_WARN_UNGUARDED_AVAILABILITY = YES_AGGRESSIVE;
				CLANG_WARN_UNREACHABLE_CODE = YES;
				CLANG_WARN__DUPLICATE_METHOD_MATCH = YES;
				COPY_PHASE_STRIP = NO;
				DEBUG_INFORMATION_FORMAT = dwarf;
				ENABLE_STRICT_OBJC_MSGSEND = YES;
				ENABLE_TESTABILITY = YES;
				GCC_C_LANGUAGE_STANDARD = gnu11;
				GCC_DYNAMIC_NO_PIC = NO;
				GCC_NO_COMMON_BLOCKS = YES;
				GCC_OPTIMIZATION_LEVEL = 0;
				GCC_PREPROCESSOR_DEFINITIONS = (
					"DEBUG=1",
					"$(inherited)",
				);
				GCC_WARN_64_TO_32_BIT_CONVERSION = YES;
				GCC_WARN_ABOUT_RETURN_TYPE = YES_ERROR;
				GCC_WARN_UNDECLARED_SELECTOR = YES;
				GCC_WARN_UNINITIALIZED_AUTOS = YES_AGGRESSIVE;
				GCC_WARN_UNUSED_FUNCTION = YES;
				GCC_WARN_UNUSED_VARIABLE = YES;
				IPHONEOS_DEPLOYMENT_TARGET = 15.5;
				MTL_ENABLE_DEBUG_INFO = INCLUDE_SOURCE;
				MTL_FAST_MATH = YES;
				ONLY_ACTIVE_ARCH = YES;
				SDKROOT = iphoneos;
				SWIFT_ACTIVE_COMPILATION_CONDITIONS = DEBUG;
				SWIFT_OPTIMIZATION_LEVEL = "-Onone";
			};
			name = Debug;
		};
		96EEC28128AE96EC00378B97 /* Release */ = {
			isa = XCBuildConfiguration;
			buildSettings = {
				ALWAYS_SEARCH_USER_PATHS = NO;
				CLANG_ANALYZER_NONNULL = YES;
				CLANG_ANALYZER_NUMBER_OBJECT_CONVERSION = YES_AGGRESSIVE;
				CLANG_CXX_LANGUAGE_STANDARD = "gnu++17";
				CLANG_ENABLE_MODULES = YES;
				CLANG_ENABLE_OBJC_ARC = YES;
				CLANG_ENABLE_OBJC_WEAK = YES;
				CLANG_WARN_BLOCK_CAPTURE_AUTORELEASING = YES;
				CLANG_WARN_BOOL_CONVERSION = YES;
				CLANG_WARN_COMMA = YES;
				CLANG_WARN_CONSTANT_CONVERSION = YES;
				CLANG_WARN_DEPRECATED_OBJC_IMPLEMENTATIONS = YES;
				CLANG_WARN_DIRECT_OBJC_ISA_USAGE = YES_ERROR;
				CLANG_WARN_DOCUMENTATION_COMMENTS = YES;
				CLANG_WARN_EMPTY_BODY = YES;
				CLANG_WARN_ENUM_CONVERSION = YES;
				CLANG_WARN_INFINITE_RECURSION = YES;
				CLANG_WARN_INT_CONVERSION = YES;
				CLANG_WARN_NON_LITERAL_NULL_CONVERSION = YES;
				CLANG_WARN_OBJC_IMPLICIT_RETAIN_SELF = YES;
				CLANG_WARN_OBJC_LITERAL_CONVERSION = YES;
				CLANG_WARN_OBJC_ROOT_CLASS = YES_ERROR;
				CLANG_WARN_QUOTED_INCLUDE_IN_FRAMEWORK_HEADER = YES;
				CLANG_WARN_RANGE_LOOP_ANALYSIS = YES;
				CLANG_WARN_STRICT_PROTOTYPES = YES;
				CLANG_WARN_SUSPICIOUS_MOVE = YES;
				CLANG_WARN_UNGUARDED_AVAILABILITY = YES_AGGRESSIVE;
				CLANG_WARN_UNREACHABLE_CODE = YES;
				CLANG_WARN__DUPLICATE_METHOD_MATCH = YES;
				COPY_PHASE_STRIP = NO;
				DEBUG_INFORMATION_FORMAT = "dwarf-with-dsym";
				ENABLE_NS_ASSERTIONS = NO;
				ENABLE_STRICT_OBJC_MSGSEND = YES;
				GCC_C_LANGUAGE_STANDARD = gnu11;
				GCC_NO_COMMON_BLOCKS = YES;
				GCC_WARN_64_TO_32_BIT_CONVERSION = YES;
				GCC_WARN_ABOUT_RETURN_TYPE = YES_ERROR;
				GCC_WARN_UNDECLARED_SELECTOR = YES;
				GCC_WARN_UNINITIALIZED_AUTOS = YES_AGGRESSIVE;
				GCC_WARN_UNUSED_FUNCTION = YES;
				GCC_WARN_UNUSED_VARIABLE = YES;
				IPHONEOS_DEPLOYMENT_TARGET = 15.5;
				MTL_ENABLE_DEBUG_INFO = NO;
				MTL_FAST_MATH = YES;
				SDKROOT = iphoneos;
				SWIFT_COMPILATION_MODE = wholemodule;
				SWIFT_OPTIMIZATION_LEVEL = "-O";
				VALIDATE_PRODUCT = YES;
			};
			name = Release;
		};
		96EEC28328AE96EC00378B97 /* Debug */ = {
			isa = XCBuildConfiguration;
			baseConfigurationReference = 5016C345B265C88B3FF71D45 /* Pods-Food_Ordering.debug.xcconfig */;
			buildSettings = {
				ASSETCATALOG_COMPILER_APPICON_NAME = AppIcon;
				ASSETCATALOG_COMPILER_GLOBAL_ACCENT_COLOR_NAME = AccentColor;
				CODE_SIGN_STYLE = Automatic;
				CURRENT_PROJECT_VERSION = 1;
				DEVELOPMENT_TEAM = 7N4QJ6VZVF;
				GENERATE_INFOPLIST_FILE = YES;
				INFOPLIST_FILE = Food_Ordering/Info.plist;
				INFOPLIST_KEY_UIApplicationSupportsIndirectInputEvents = YES;
				INFOPLIST_KEY_UILaunchStoryboardName = LaunchScreen;
				INFOPLIST_KEY_UIMainStoryboardFile = Main;
				INFOPLIST_KEY_UISupportedInterfaceOrientations_iPad = "UIInterfaceOrientationPortrait UIInterfaceOrientationPortraitUpsideDown UIInterfaceOrientationLandscapeLeft UIInterfaceOrientationLandscapeRight";
				INFOPLIST_KEY_UISupportedInterfaceOrientations_iPhone = "UIInterfaceOrientationPortrait UIInterfaceOrientationLandscapeLeft UIInterfaceOrientationLandscapeRight";
				IPHONEOS_DEPLOYMENT_TARGET = 14.0;
				LD_RUNPATH_SEARCH_PATHS = (
					"$(inherited)",
					"@executable_path/Frameworks",
				);
				MARKETING_VERSION = 1.0;
				PRODUCT_BUNDLE_IDENTIFIER = "shunZ.Food-Ordering";
				PRODUCT_NAME = "$(TARGET_NAME)";
				SWIFT_EMIT_LOC_STRINGS = YES;
				SWIFT_VERSION = 5.0;
				TARGETED_DEVICE_FAMILY = "1,2";
			};
			name = Debug;
		};
		96EEC28428AE96EC00378B97 /* Release */ = {
			isa = XCBuildConfiguration;
			baseConfigurationReference = 3737A0A189F75DEBFC9026D7 /* Pods-Food_Ordering.release.xcconfig */;
			buildSettings = {
				ASSETCATALOG_COMPILER_APPICON_NAME = AppIcon;
				ASSETCATALOG_COMPILER_GLOBAL_ACCENT_COLOR_NAME = AccentColor;
				CODE_SIGN_STYLE = Automatic;
				CURRENT_PROJECT_VERSION = 1;
				DEVELOPMENT_TEAM = 7N4QJ6VZVF;
				GENERATE_INFOPLIST_FILE = YES;
				INFOPLIST_FILE = Food_Ordering/Info.plist;
				INFOPLIST_KEY_UIApplicationSupportsIndirectInputEvents = YES;
				INFOPLIST_KEY_UILaunchStoryboardName = LaunchScreen;
				INFOPLIST_KEY_UIMainStoryboardFile = Main;
				INFOPLIST_KEY_UISupportedInterfaceOrientations_iPad = "UIInterfaceOrientationPortrait UIInterfaceOrientationPortraitUpsideDown UIInterfaceOrientationLandscapeLeft UIInterfaceOrientationLandscapeRight";
				INFOPLIST_KEY_UISupportedInterfaceOrientations_iPhone = "UIInterfaceOrientationPortrait UIInterfaceOrientationLandscapeLeft UIInterfaceOrientationLandscapeRight";
				IPHONEOS_DEPLOYMENT_TARGET = 14.0;
				LD_RUNPATH_SEARCH_PATHS = (
					"$(inherited)",
					"@executable_path/Frameworks",
				);
				MARKETING_VERSION = 1.0;
				PRODUCT_BUNDLE_IDENTIFIER = "shunZ.Food-Ordering";
				PRODUCT_NAME = "$(TARGET_NAME)";
				SWIFT_EMIT_LOC_STRINGS = YES;
				SWIFT_VERSION = 5.0;
				TARGETED_DEVICE_FAMILY = "1,2";
			};
			name = Release;
		};
/* End XCBuildConfiguration section */

/* Begin XCConfigurationList section */
		96EEC26928AE96EC00378B97 /* Build configuration list for PBXProject "Food_Ordering" */ = {
			isa = XCConfigurationList;
			buildConfigurations = (
				96EEC28028AE96EC00378B97 /* Debug */,
				96EEC28128AE96EC00378B97 /* Release */,
			);
			defaultConfigurationIsVisible = 0;
			defaultConfigurationName = Release;
		};
		96EEC28228AE96EC00378B97 /* Build configuration list for PBXNativeTarget "Food_Ordering" */ = {
			isa = XCConfigurationList;
			buildConfigurations = (
				96EEC28328AE96EC00378B97 /* Debug */,
				96EEC28428AE96EC00378B97 /* Release */,
			);
			defaultConfigurationIsVisible = 0;
			defaultConfigurationName = Release;
		};
/* End XCConfigurationList section */
	};
	rootObject = 96EEC26628AE96EC00378B97 /* Project object */;
}
